
Microsoft Visual Studio Solution File, Format Version 12.00
# Visual Studio Version 17
VisualStudioVersion = 17.11.35327.3
MinimumVisualStudioVersion = 10.0.40219.1
Project("{FAE04EC0-301F-11D3-BF4B-00C04F79EFBC}") = "Ex011", "Ex011.csproj", "{47739047-11C0-4810-98EC-DFB28E0AD954}"
EndProject
Global
	GlobalSection(SolutionConfigurationPlatforms) = preSolution
		Debug|Any CPU = Debug|Any CPU
		Release|Any CPU = Release|Any CPU
	EndGlobalSection
	GlobalSection(ProjectConfigurationPlatforms) = postSolution
		{47739047-11C0-4810-98EC-DFB28E0AD954}.Debug|Any CPU.ActiveCfg = Debug|Any CPU
		{47739047-11C0-4810-98EC-DFB28E0AD954}.Debug|Any CPU.Build.0 = Debug|Any CPU
		{47739047-11C0-4810-98EC-DFB28E0AD954}.Release|Any CPU.ActiveCfg = Release|Any CPU
		{47739047-11C0-4810-98EC-DFB28E0AD954}.Release|Any CPU.Build.0 = Release|Any CPU
	EndGlobalSection
	GlobalSection(SolutionProperties) = preSolution
		HideSolutionNode = FALSE
	EndGlobalSection
	GlobalSection(ExtensibilityGlobals) = postSolution
		SolutionGuid = {8CE71A92-8628-4DF2-8A96-697FCB45EF7E}
	EndGlobalSection
EndGlobal
